
Microsoft Visual Studio Solution File, Format Version 12.00
# Visual Studio Version 17
VisualStudioVersion = 17.8.34525.116
MinimumVisualStudioVersion = 10.0.40219.1
Project("{FAE04EC0-301F-11D3-BF4B-00C04F79EFBC}") = "T101_ConsolidatedEndpoints", "T101_ConsolidatedEndpoints\T101_ConsolidatedEndpoints.csproj", "{9118F32F-1B5E-45F1-986A-4F256F6C36D4}"
EndProject
Global
	GlobalSection(SolutionConfigurationPlatforms) = preSolution
		Debug|Any CPU = Debug|Any CPU
		Release|Any CPU = Release|Any CPU
	EndGlobalSection
	GlobalSection(ProjectConfigurationPlatforms) = postSolution
		{9118F32F-1B5E-45F1-986A-4F256F6C36D4}.Debug|Any CPU.ActiveCfg = Debug|Any CPU
		{9118F32F-1B5E-45F1-986A-4F256F6C36D4}.Debug|Any CPU.Build.0 = Debug|Any CPU
		{9118F32F-1B5E-45F1-986A-4F256F6C36D4}.Release|Any CPU.ActiveCfg = Release|Any CPU
		{9118F32F-1B5E-45F1-986A-4F256F6C36D4}.Release|Any CPU.Build.0 = Release|Any CPU
	EndGlobalSection
	GlobalSection(SolutionProperties) = preSolution
		HideSolutionNode = FALSE
	EndGlobalSection
	GlobalSection(ExtensibilityGlobals) = postSolution
		SolutionGuid = {DEE8BE4E-2C0F-48D3-AD90-EF98097BD842}
	EndGlobalSection
EndGlobal
